// !$*UTF8*$!
{
	archiveVersion = 1;
	classes = {
	};
	objectVersion = 46;
	objects = {

/* Begin PBXBuildFile section */
		5847EEA61BDE338A007AF2FD /* User.swift in Sources */ = {isa = PBXBuildFile; fileRef = 5847EEA51BDE338A007AF2FD /* User.swift */; settings = {ASSET_TAGS = (); }; };
		58924DEF1BD8E4FE001A9FF6 /* AppDelegate.swift in Sources */ = {isa = PBXBuildFile; fileRef = 58924DEE1BD8E4FE001A9FF6 /* AppDelegate.swift */; };
		58924DF11BD8E4FE001A9FF6 /* MainViewController.swift in Sources */ = {isa = PBXBuildFile; fileRef = 58924DF01BD8E4FE001A9FF6 /* MainViewController.swift */; };
		58924DF41BD8E4FE001A9FF6 /* Main.storyboard in Resources */ = {isa = PBXBuildFile; fileRef = 58924DF21BD8E4FE001A9FF6 /* Main.storyboard */; };
		58924DF71BD8E4FE001A9FF6 /* SignInUp.xcdatamodeld in Sources */ = {isa = PBXBuildFile; fileRef = 58924DF51BD8E4FE001A9FF6 /* SignInUp.xcdatamodeld */; };
		58924DF91BD8E4FE001A9FF6 /* Assets.xcassets in Resources */ = {isa = PBXBuildFile; fileRef = 58924DF81BD8E4FE001A9FF6 /* Assets.xcassets */; };
		58924DFC1BD8E4FE001A9FF6 /* LaunchScreen.storyboard in Resources */ = {isa = PBXBuildFile; fileRef = 58924DFA1BD8E4FE001A9FF6 /* LaunchScreen.storyboard */; };
		58924E071BD8E4FE001A9FF6 /* SignInUpTests.swift in Sources */ = {isa = PBXBuildFile; fileRef = 58924E061BD8E4FE001A9FF6 /* SignInUpTests.swift */; };
		58924E121BD8E4FE001A9FF6 /* SignInUpUITests.swift in Sources */ = {isa = PBXBuildFile; fileRef = 58924E111BD8E4FE001A9FF6 /* SignInUpUITests.swift */; };
		58924E221BD8E5F4001A9FF6 /* Bolts.framework in Frameworks */ = {isa = PBXBuildFile; fileRef = 58924E201BD8E5F4001A9FF6 /* Bolts.framework */; settings = {ASSET_TAGS = (); }; };
		58924E231BD8E5F4001A9FF6 /* Parse.framework in Frameworks */ = {isa = PBXBuildFile; fileRef = 58924E211BD8E5F4001A9FF6 /* Parse.framework */; settings = {ASSET_TAGS = (); }; };
		58924E251BD8E60B001A9FF6 /* AudioToolbox.framework in Frameworks */ = {isa = PBXBuildFile; fileRef = 58924E241BD8E60B001A9FF6 /* AudioToolbox.framework */; };
		58924E271BD8E611001A9FF6 /* CFNetwork.framework in Frameworks */ = {isa = PBXBuildFile; fileRef = 58924E261BD8E611001A9FF6 /* CFNetwork.framework */; };
		58924E291BD8E61A001A9FF6 /* CoreGraphics.framework in Frameworks */ = {isa = PBXBuildFile; fileRef = 58924E281BD8E61A001A9FF6 /* CoreGraphics.framework */; };
		58924E2B1BD8E621001A9FF6 /* CoreLocation.framework in Frameworks */ = {isa = PBXBuildFile; fileRef = 58924E2A1BD8E621001A9FF6 /* CoreLocation.framework */; };
		58924E2D1BD8E62D001A9FF6 /* QuartzCore.framework in Frameworks */ = {isa = PBXBuildFile; fileRef = 58924E2C1BD8E62D001A9FF6 /* QuartzCore.framework */; };
		58924E2F1BD8E635001A9FF6 /* Security.framework in Frameworks */ = {isa = PBXBuildFile; fileRef = 58924E2E1BD8E635001A9FF6 /* Security.framework */; };
		58924E311BD8E63C001A9FF6 /* StoreKit.framework in Frameworks */ = {isa = PBXBuildFile; fileRef = 58924E301BD8E63C001A9FF6 /* StoreKit.framework */; };
		58924E331BD8E647001A9FF6 /* SystemConfiguration.framework in Frameworks */ = {isa = PBXBuildFile; fileRef = 58924E321BD8E647001A9FF6 /* SystemConfiguration.framework */; };
		58924E351BD8E650001A9FF6 /* libz.tbd in Frameworks */ = {isa = PBXBuildFile; fileRef = 58924E341BD8E650001A9FF6 /* libz.tbd */; };
		58924E371BD8E65B001A9FF6 /* libsqlite3.tbd in Frameworks */ = {isa = PBXBuildFile; fileRef = 58924E361BD8E65B001A9FF6 /* libsqlite3.tbd */; };
		58924E391BD8E6B8001A9FF6 /* Accounts.framework in Frameworks */ = {isa = PBXBuildFile; fileRef = 58924E381BD8E6B8001A9FF6 /* Accounts.framework */; };
		58924E3B1BD8E6BE001A9FF6 /* Social.framework in Frameworks */ = {isa = PBXBuildFile; fileRef = 58924E3A1BD8E6BE001A9FF6 /* Social.framework */; };
		58924E451BD8EADA001A9FF6 /* CreateAccountViewController.swift in Sources */ = {isa = PBXBuildFile; fileRef = 58924E441BD8EADA001A9FF6 /* CreateAccountViewController.swift */; settings = {ASSET_TAGS = (); }; };
		58924E471BD902B5001A9FF6 /* LogInViewController.swift in Sources */ = {isa = PBXBuildFile; fileRef = 58924E461BD902B5001A9FF6 /* LogInViewController.swift */; settings = {ASSET_TAGS = (); }; };
		58924E491BD902CD001A9FF6 /* ProfileViewController.swift in Sources */ = {isa = PBXBuildFile; fileRef = 58924E481BD902CD001A9FF6 /* ProfileViewController.swift */; settings = {ASSET_TAGS = (); }; };
		58924E4B1BD90D56001A9FF6 /* ResetPasswordViewController.swift in Sources */ = {isa = PBXBuildFile; fileRef = 58924E4A1BD90D56001A9FF6 /* ResetPasswordViewController.swift */; settings = {ASSET_TAGS = (); }; };
		58A7C2B91BD9296A00793645 /* MapViewController.swift in Sources */ = {isa = PBXBuildFile; fileRef = 58A7C2B81BD9296A00793645 /* MapViewController.swift */; settings = {ASSET_TAGS = (); }; };
		58B375F81BDE5FA60087A620 /* MapKit.framework in Frameworks */ = {isa = PBXBuildFile; fileRef = 58B375F71BDE5FA60087A620 /* MapKit.framework */; };
		58B375FA1BDE74140087A620 /* PlaceVisited.swift in Sources */ = {isa = PBXBuildFile; fileRef = 58B375F91BDE74140087A620 /* PlaceVisited.swift */; settings = {ASSET_TAGS = (); }; };
		58B375FC1BDE74200087A620 /* PlaceToVisit.swift in Sources */ = {isa = PBXBuildFile; fileRef = 58B375FB1BDE74200087A620 /* PlaceToVisit.swift */; settings = {ASSET_TAGS = (); }; };
/* End PBXBuildFile section */

/* Begin PBXContainerItemProxy section */
		58924E031BD8E4FE001A9FF6 /* PBXContainerItemProxy */ = {
			isa = PBXContainerItemProxy;
			containerPortal = 58924DE31BD8E4FE001A9FF6 /* Project object */;
			proxyType = 1;
			remoteGlobalIDString = 58924DEA1BD8E4FE001A9FF6;
			remoteInfo = SignInUp;
		};
		58924E0E1BD8E4FE001A9FF6 /* PBXContainerItemProxy */ = {
			isa = PBXContainerItemProxy;
			containerPortal = 58924DE31BD8E4FE001A9FF6 /* Project object */;
			proxyType = 1;
			remoteGlobalIDString = 58924DEA1BD8E4FE001A9FF6;
			remoteInfo = SignInUp;
		};
/* End PBXContainerItemProxy section */

/* Begin PBXFileReference section */
		5847EEA51BDE338A007AF2FD /* User.swift */ = {isa = PBXFileReference; fileEncoding = 4; lastKnownFileType = sourcecode.swift; path = User.swift; sourceTree = "<group>"; };
		58924DEB1BD8E4FE001A9FF6 /* SignInUp.app */ = {isa = PBXFileReference; explicitFileType = wrapper.application; includeInIndex = 0; path = SignInUp.app; sourceTree = BUILT_PRODUCTS_DIR; };
		58924DEE1BD8E4FE001A9FF6 /* AppDelegate.swift */ = {isa = PBXFileReference; lastKnownFileType = sourcecode.swift; path = AppDelegate.swift; sourceTree = "<group>"; };
		58924DF01BD8E4FE001A9FF6 /* MainViewController.swift */ = {isa = PBXFileReference; lastKnownFileType = sourcecode.swift; path = MainViewController.swift; sourceTree = "<group>"; };
		58924DF31BD8E4FE001A9FF6 /* Base */ = {isa = PBXFileReference; lastKnownFileType = file.storyboard; name = Base; path = Base.lproj/Main.storyboard; sourceTree = "<group>"; };
		58924DF61BD8E4FE001A9FF6 /* SignInUp.xcdatamodel */ = {isa = PBXFileReference; lastKnownFileType = wrapper.xcdatamodel; path = SignInUp.xcdatamodel; sourceTree = "<group>"; };
		58924DF81BD8E4FE001A9FF6 /* Assets.xcassets */ = {isa = PBXFileReference; lastKnownFileType = folder.assetcatalog; path = Assets.xcassets; sourceTree = "<group>"; };
		58924DFB1BD8E4FE001A9FF6 /* Base */ = {isa = PBXFileReference; lastKnownFileType = file.storyboard; name = Base; path = Base.lproj/LaunchScreen.storyboard; sourceTree = "<group>"; };
		58924DFD1BD8E4FE001A9FF6 /* Info.plist */ = {isa = PBXFileReference; lastKnownFileType = text.plist.xml; path = Info.plist; sourceTree = "<group>"; };
		58924E021BD8E4FE001A9FF6 /* SignInUpTests.xctest */ = {isa = PBXFileReference; explicitFileType = wrapper.cfbundle; includeInIndex = 0; path = SignInUpTests.xctest; sourceTree = BUILT_PRODUCTS_DIR; };
		58924E061BD8E4FE001A9FF6 /* SignInUpTests.swift */ = {isa = PBXFileReference; lastKnownFileType = sourcecode.swift; path = SignInUpTests.swift; sourceTree = "<group>"; };
		58924E081BD8E4FE001A9FF6 /* Info.plist */ = {isa = PBXFileReference; lastKnownFileType = text.plist.xml; path = Info.plist; sourceTree = "<group>"; };
		58924E0D1BD8E4FE001A9FF6 /* SignInUpUITests.xctest */ = {isa = PBXFileReference; explicitFileType = wrapper.cfbundle; includeInIndex = 0; path = SignInUpUITests.xctest; sourceTree = BUILT_PRODUCTS_DIR; };
		58924E111BD8E4FE001A9FF6 /* SignInUpUITests.swift */ = {isa = PBXFileReference; lastKnownFileType = sourcecode.swift; path = SignInUpUITests.swift; sourceTree = "<group>"; };
		58924E131BD8E4FE001A9FF6 /* Info.plist */ = {isa = PBXFileReference; lastKnownFileType = text.plist.xml; path = Info.plist; sourceTree = "<group>"; };
		58924E201BD8E5F4001A9FF6 /* Bolts.framework */ = {isa = PBXFileReference; lastKnownFileType = wrapper.framework; path = Bolts.framework; sourceTree = "<group>"; };
		58924E211BD8E5F4001A9FF6 /* Parse.framework */ = {isa = PBXFileReference; lastKnownFileType = wrapper.framework; path = Parse.framework; sourceTree = "<group>"; };
		58924E241BD8E60B001A9FF6 /* AudioToolbox.framework */ = {isa = PBXFileReference; lastKnownFileType = wrapper.framework; name = AudioToolbox.framework; path = System/Library/Frameworks/AudioToolbox.framework; sourceTree = SDKROOT; };
		58924E261BD8E611001A9FF6 /* CFNetwork.framework */ = {isa = PBXFileReference; lastKnownFileType = wrapper.framework; name = CFNetwork.framework; path = System/Library/Frameworks/CFNetwork.framework; sourceTree = SDKROOT; };
		58924E281BD8E61A001A9FF6 /* CoreGraphics.framework */ = {isa = PBXFileReference; lastKnownFileType = wrapper.framework; name = CoreGraphics.framework; path = System/Library/Frameworks/CoreGraphics.framework; sourceTree = SDKROOT; };
		58924E2A1BD8E621001A9FF6 /* CoreLocation.framework */ = {isa = PBXFileReference; lastKnownFileType = wrapper.framework; name = CoreLocation.framework; path = System/Library/Frameworks/CoreLocation.framework; sourceTree = SDKROOT; };
		58924E2C1BD8E62D001A9FF6 /* QuartzCore.framework */ = {isa = PBXFileReference; lastKnownFileType = wrapper.framework; name = QuartzCore.framework; path = System/Library/Frameworks/QuartzCore.framework; sourceTree = SDKROOT; };
		58924E2E1BD8E635001A9FF6 /* Security.framework */ = {isa = PBXFileReference; lastKnownFileType = wrapper.framework; name = Security.framework; path = System/Library/Frameworks/Security.framework; sourceTree = SDKROOT; };
		58924E301BD8E63C001A9FF6 /* StoreKit.framework */ = {isa = PBXFileReference; lastKnownFileType = wrapper.framework; name = StoreKit.framework; path = System/Library/Frameworks/StoreKit.framework; sourceTree = SDKROOT; };
		58924E321BD8E647001A9FF6 /* SystemConfiguration.framework */ = {isa = PBXFileReference; lastKnownFileType = wrapper.framework; name = SystemConfiguration.framework; path = System/Library/Frameworks/SystemConfiguration.framework; sourceTree = SDKROOT; };
		58924E341BD8E650001A9FF6 /* libz.tbd */ = {isa = PBXFileReference; lastKnownFileType = "sourcecode.text-based-dylib-definition"; name = libz.tbd; path = usr/lib/libz.tbd; sourceTree = SDKROOT; };
		58924E361BD8E65B001A9FF6 /* libsqlite3.tbd */ = {isa = PBXFileReference; lastKnownFileType = "sourcecode.text-based-dylib-definition"; name = libsqlite3.tbd; path = usr/lib/libsqlite3.tbd; sourceTree = SDKROOT; };
		58924E381BD8E6B8001A9FF6 /* Accounts.framework */ = {isa = PBXFileReference; lastKnownFileType = wrapper.framework; name = Accounts.framework; path = System/Library/Frameworks/Accounts.framework; sourceTree = SDKROOT; };
		58924E3A1BD8E6BE001A9FF6 /* Social.framework */ = {isa = PBXFileReference; lastKnownFileType = wrapper.framework; name = Social.framework; path = System/Library/Frameworks/Social.framework; sourceTree = SDKROOT; };
		58924E3C1BD8E89C001A9FF6 /* SignInUp-Bridging-Header.h */ = {isa = PBXFileReference; lastKnownFileType = sourcecode.c.h; path = "SignInUp-Bridging-Header.h"; sourceTree = SOURCE_ROOT; };
		58924E441BD8EADA001A9FF6 /* CreateAccountViewController.swift */ = {isa = PBXFileReference; fileEncoding = 4; lastKnownFileType = sourcecode.swift; path = CreateAccountViewController.swift; sourceTree = "<group>"; };
		58924E461BD902B5001A9FF6 /* LogInViewController.swift */ = {isa = PBXFileReference; fileEncoding = 4; lastKnownFileType = sourcecode.swift; path = LogInViewController.swift; sourceTree = "<group>"; };
		58924E481BD902CD001A9FF6 /* ProfileViewController.swift */ = {isa = PBXFileReference; fileEncoding = 4; lastKnownFileType = sourcecode.swift; path = ProfileViewController.swift; sourceTree = "<group>"; };
		58924E4A1BD90D56001A9FF6 /* ResetPasswordViewController.swift */ = {isa = PBXFileReference; fileEncoding = 4; lastKnownFileType = sourcecode.swift; path = ResetPasswordViewController.swift; sourceTree = "<group>"; };
		58A7C2B81BD9296A00793645 /* MapViewController.swift */ = {isa = PBXFileReference; fileEncoding = 4; lastKnownFileType = sourcecode.swift; path = MapViewController.swift; sourceTree = "<group>"; };
		58B375F71BDE5FA60087A620 /* MapKit.framework */ = {isa = PBXFileReference; lastKnownFileType = wrapper.framework; name = MapKit.framework; path = System/Library/Frameworks/MapKit.framework; sourceTree = SDKROOT; };
		58B375F91BDE74140087A620 /* PlaceVisited.swift */ = {isa = PBXFileReference; fileEncoding = 4; lastKnownFileType = sourcecode.swift; path = PlaceVisited.swift; sourceTree = "<group>"; };
		58B375FB1BDE74200087A620 /* PlaceToVisit.swift */ = {isa = PBXFileReference; fileEncoding = 4; lastKnownFileType = sourcecode.swift; path = PlaceToVisit.swift; sourceTree = "<group>"; };
/* End PBXFileReference section */

/* Begin PBXFrameworksBuildPhase section */
		58924DE81BD8E4FE001A9FF6 /* Frameworks */ = {
			isa = PBXFrameworksBuildPhase;
			buildActionMask = 2147483647;
			files = (
				58B375F81BDE5FA60087A620 /* MapKit.framework in Frameworks */,
				58924E3B1BD8E6BE001A9FF6 /* Social.framework in Frameworks */,
				58924E391BD8E6B8001A9FF6 /* Accounts.framework in Frameworks */,
				58924E371BD8E65B001A9FF6 /* libsqlite3.tbd in Frameworks */,
				58924E351BD8E650001A9FF6 /* libz.tbd in Frameworks */,
				58924E331BD8E647001A9FF6 /* SystemConfiguration.framework in Frameworks */,
				58924E311BD8E63C001A9FF6 /* StoreKit.framework in Frameworks */,
				58924E2F1BD8E635001A9FF6 /* Security.framework in Frameworks */,
				58924E2D1BD8E62D001A9FF6 /* QuartzCore.framework in Frameworks */,
				58924E2B1BD8E621001A9FF6 /* CoreLocation.framework in Frameworks */,
				58924E291BD8E61A001A9FF6 /* CoreGraphics.framework in Frameworks */,
				58924E271BD8E611001A9FF6 /* CFNetwork.framework in Frameworks */,
				58924E251BD8E60B001A9FF6 /* AudioToolbox.framework in Frameworks */,
				58924E231BD8E5F4001A9FF6 /* Parse.framework in Frameworks */,
				58924E221BD8E5F4001A9FF6 /* Bolts.framework in Frameworks */,
			);
			runOnlyForDeploymentPostprocessing = 0;
		};
		58924DFF1BD8E4FE001A9FF6 /* Frameworks */ = {
			isa = PBXFrameworksBuildPhase;
			buildActionMask = 2147483647;
			files = (
			);
			runOnlyForDeploymentPostprocessing = 0;
		};
		58924E0A1BD8E4FE001A9FF6 /* Frameworks */ = {
			isa = PBXFrameworksBuildPhase;
			buildActionMask = 2147483647;
			files = (
			);
			runOnlyForDeploymentPostprocessing = 0;
		};
/* End PBXFrameworksBuildPhase section */

/* Begin PBXGroup section */
		58924DE21BD8E4FE001A9FF6 = {
			isa = PBXGroup;
			children = (
				58924E1F1BD8E52B001A9FF6 /* Frameworks */,
				58924DED1BD8E4FE001A9FF6 /* SignInUp */,
				58924E051BD8E4FE001A9FF6 /* SignInUpTests */,
				58924E101BD8E4FE001A9FF6 /* SignInUpUITests */,
				58924DEC1BD8E4FE001A9FF6 /* Products */,
			);
			sourceTree = "<group>";
		};
		58924DEC1BD8E4FE001A9FF6 /* Products */ = {
			isa = PBXGroup;
			children = (
				58924DEB1BD8E4FE001A9FF6 /* SignInUp.app */,
				58924E021BD8E4FE001A9FF6 /* SignInUpTests.xctest */,
				58924E0D1BD8E4FE001A9FF6 /* SignInUpUITests.xctest */,
			);
			name = Products;
			sourceTree = "<group>";
		};
		58924DED1BD8E4FE001A9FF6 /* SignInUp */ = {
			isa = PBXGroup;
			children = (
				58924E411BD8E973001A9FF6 /* View Controllers */,
				58924E401BD8E96C001A9FF6 /* Data */,
				58924DEE1BD8E4FE001A9FF6 /* AppDelegate.swift */,
				58924DF21BD8E4FE001A9FF6 /* Main.storyboard */,
				58924E3F1BD8E8BA001A9FF6 /* Supporting Files */,
			);
			path = SignInUp;
			sourceTree = "<group>";
		};
		58924E051BD8E4FE001A9FF6 /* SignInUpTests */ = {
			isa = PBXGroup;
			children = (
				58924E061BD8E4FE001A9FF6 /* SignInUpTests.swift */,
				58924E081BD8E4FE001A9FF6 /* Info.plist */,
			);
			path = SignInUpTests;
			sourceTree = "<group>";
		};
		58924E101BD8E4FE001A9FF6 /* SignInUpUITests */ = {
			isa = PBXGroup;
			children = (
				58924E111BD8E4FE001A9FF6 /* SignInUpUITests.swift */,
				58924E131BD8E4FE001A9FF6 /* Info.plist */,
			);
			path = SignInUpUITests;
			sourceTree = "<group>";
		};
		58924E1F1BD8E52B001A9FF6 /* Frameworks */ = {
			isa = PBXGroup;
			children = (
				58B375F71BDE5FA60087A620 /* MapKit.framework */,
				58924E3A1BD8E6BE001A9FF6 /* Social.framework */,
				58924E381BD8E6B8001A9FF6 /* Accounts.framework */,
				58924E361BD8E65B001A9FF6 /* libsqlite3.tbd */,
				58924E341BD8E650001A9FF6 /* libz.tbd */,
				58924E321BD8E647001A9FF6 /* SystemConfiguration.framework */,
				58924E301BD8E63C001A9FF6 /* StoreKit.framework */,
				58924E2E1BD8E635001A9FF6 /* Security.framework */,
				58924E2C1BD8E62D001A9FF6 /* QuartzCore.framework */,
				58924E2A1BD8E621001A9FF6 /* CoreLocation.framework */,
				58924E281BD8E61A001A9FF6 /* CoreGraphics.framework */,
				58924E261BD8E611001A9FF6 /* CFNetwork.framework */,
				58924E241BD8E60B001A9FF6 /* AudioToolbox.framework */,
				58924E201BD8E5F4001A9FF6 /* Bolts.framework */,
				58924E211BD8E5F4001A9FF6 /* Parse.framework */,
			);
			name = Frameworks;
			sourceTree = "<group>";
		};
		58924E3F1BD8E8BA001A9FF6 /* Supporting Files */ = {
			isa = PBXGroup;
			children = (
				58924DF81BD8E4FE001A9FF6 /* Assets.xcassets */,
				58924DFA1BD8E4FE001A9FF6 /* LaunchScreen.storyboard */,
				58924E3C1BD8E89C001A9FF6 /* SignInUp-Bridging-Header.h */,
				58924DFD1BD8E4FE001A9FF6 /* Info.plist */,
				58924DF51BD8E4FE001A9FF6 /* SignInUp.xcdatamodeld */,
			);
			name = "Supporting Files";
			sourceTree = "<group>";
		};
		58924E401BD8E96C001A9FF6 /* Data */ = {
			isa = PBXGroup;
			children = (
				5847EEA51BDE338A007AF2FD /* User.swift */,
				58B375F91BDE74140087A620 /* PlaceVisited.swift */,
				58B375FB1BDE74200087A620 /* PlaceToVisit.swift */,
			);
			name = Data;
			sourceTree = "<group>";
		};
		58924E411BD8E973001A9FF6 /* View Controllers */ = {
			isa = PBXGroup;
			children = (
				58924DF01BD8E4FE001A9FF6 /* MainViewController.swift */,
				58924E461BD902B5001A9FF6 /* LogInViewController.swift */,
				58924E441BD8EADA001A9FF6 /* CreateAccountViewController.swift */,
				58924E4A1BD90D56001A9FF6 /* ResetPasswordViewController.swift */,
				58924E481BD902CD001A9FF6 /* ProfileViewController.swift */,
				58A7C2B81BD9296A00793645 /* MapViewController.swift */,
			);
			name = "View Controllers";
			sourceTree = "<group>";
		};
/* End PBXGroup section */

/* Begin PBXNativeTarget section */
		58924DEA1BD8E4FE001A9FF6 /* SignInUp */ = {
			isa = PBXNativeTarget;
			buildConfigurationList = 58924E161BD8E4FE001A9FF6 /* Build configuration list for PBXNativeTarget "SignInUp" */;
			buildPhases = (
				58924DE71BD8E4FE001A9FF6 /* Sources */,
				58924DE81BD8E4FE001A9FF6 /* Frameworks */,
				58924DE91BD8E4FE001A9FF6 /* Resources */,
			);
			buildRules = (
			);
			dependencies = (
			);
			name = SignInUp;
			productName = SignInUp;
			productReference = 58924DEB1BD8E4FE001A9FF6 /* SignInUp.app */;
			productType = "com.apple.product-type.application";
		};
		58924E011BD8E4FE001A9FF6 /* SignInUpTests */ = {
			isa = PBXNativeTarget;
			buildConfigurationList = 58924E191BD8E4FE001A9FF6 /* Build configuration list for PBXNativeTarget "SignInUpTests" */;
			buildPhases = (
				58924DFE1BD8E4FE001A9FF6 /* Sources */,
				58924DFF1BD8E4FE001A9FF6 /* Frameworks */,
				58924E001BD8E4FE001A9FF6 /* Resources */,
			);
			buildRules = (
			);
			dependencies = (
				58924E041BD8E4FE001A9FF6 /* PBXTargetDependency */,
			);
			name = SignInUpTests;
			productName = SignInUpTests;
			productReference = 58924E021BD8E4FE001A9FF6 /* SignInUpTests.xctest */;
			productType = "com.apple.product-type.bundle.unit-test";
		};
		58924E0C1BD8E4FE001A9FF6 /* SignInUpUITests */ = {
			isa = PBXNativeTarget;
			buildConfigurationList = 58924E1C1BD8E4FE001A9FF6 /* Build configuration list for PBXNativeTarget "SignInUpUITests" */;
			buildPhases = (
				58924E091BD8E4FE001A9FF6 /* Sources */,
				58924E0A1BD8E4FE001A9FF6 /* Frameworks */,
				58924E0B1BD8E4FE001A9FF6 /* Resources */,
			);
			buildRules = (
			);
			dependencies = (
				58924E0F1BD8E4FE001A9FF6 /* PBXTargetDependency */,
			);
			name = SignInUpUITests;
			productName = SignInUpUITests;
			productReference = 58924E0D1BD8E4FE001A9FF6 /* SignInUpUITests.xctest */;
			productType = "com.apple.product-type.bundle.ui-testing";
		};
/* End PBXNativeTarget section */

/* Begin PBXProject section */
		58924DE31BD8E4FE001A9FF6 /* Project object */ = {
			isa = PBXProject;
			attributes = {
				LastSwiftUpdateCheck = 0700;
				LastUpgradeCheck = 0700;
				ORGANIZATIONNAME = "Morgan Le Gal";
				TargetAttributes = {
					58924DEA1BD8E4FE001A9FF6 = {
						CreatedOnToolsVersion = 7.0.1;
						DevelopmentTeam = P8EE5KVS6Q;
					};
					58924E011BD8E4FE001A9FF6 = {
						CreatedOnToolsVersion = 7.0.1;
						DevelopmentTeam = P8EE5KVS6Q;
						TestTargetID = 58924DEA1BD8E4FE001A9FF6;
					};
					58924E0C1BD8E4FE001A9FF6 = {
						CreatedOnToolsVersion = 7.0.1;
						DevelopmentTeam = P8EE5KVS6Q;
						TestTargetID = 58924DEA1BD8E4FE001A9FF6;
					};
				};
			};
			buildConfigurationList = 58924DE61BD8E4FE001A9FF6 /* Build configuration list for PBXProject "SignInUp" */;
			compatibilityVersion = "Xcode 3.2";
			developmentRegion = English;
			hasScannedForEncodings = 0;
			knownRegions = (
				en,
				Base,
			);
			mainGroup = 58924DE21BD8E4FE001A9FF6;
			productRefGroup = 58924DEC1BD8E4FE001A9FF6 /* Products */;
			projectDirPath = "";
			projectRoot = "";
			targets = (
				58924DEA1BD8E4FE001A9FF6 /* SignInUp */,
				58924E011BD8E4FE001A9FF6 /* SignInUpTests */,
				58924E0C1BD8E4FE001A9FF6 /* SignInUpUITests */,
			);
		};
/* End PBXProject section */

/* Begin PBXResourcesBuildPhase section */
		58924DE91BD8E4FE001A9FF6 /* Resources */ = {
			isa = PBXResourcesBuildPhase;
			buildActionMask = 2147483647;
			files = (
				58924DFC1BD8E4FE001A9FF6 /* LaunchScreen.storyboard in Resources */,
				58924DF91BD8E4FE001A9FF6 /* Assets.xcassets in Resources */,
				58924DF41BD8E4FE001A9FF6 /* Main.storyboard in Resources */,
			);
			runOnlyForDeploymentPostprocessing = 0;
		};
		58924E001BD8E4FE001A9FF6 /* Resources */ = {
			isa = PBXResourcesBuildPhase;
			buildActionMask = 2147483647;
			files = (
			);
			runOnlyForDeploymentPostprocessing = 0;
		};
		58924E0B1BD8E4FE001A9FF6 /* Resources */ = {
			isa = PBXResourcesBuildPhase;
			buildActionMask = 2147483647;
			files = (
			);
			runOnlyForDeploymentPostprocessing = 0;
		};
/* End PBXResourcesBuildPhase section */

/* Begin PBXSourcesBuildPhase section */
		58924DE71BD8E4FE001A9FF6 /* Sources */ = {
			isa = PBXSourcesBuildPhase;
			buildActionMask = 2147483647;
			files = (
				58924E491BD902CD001A9FF6 /* ProfileViewController.swift in Sources */,
				58924DF11BD8E4FE001A9FF6 /* MainViewController.swift in Sources */,
				58924DEF1BD8E4FE001A9FF6 /* AppDelegate.swift in Sources */,
				58B375FC1BDE74200087A620 /* PlaceToVisit.swift in Sources */,
				58924DF71BD8E4FE001A9FF6 /* SignInUp.xcdatamodeld in Sources */,
				58924E471BD902B5001A9FF6 /* LogInViewController.swift in Sources */,
				58924E451BD8EADA001A9FF6 /* CreateAccountViewController.swift in Sources */,
				58924E4B1BD90D56001A9FF6 /* ResetPasswordViewController.swift in Sources */,
				5847EEA61BDE338A007AF2FD /* User.swift in Sources */,
				58B375FA1BDE74140087A620 /* PlaceVisited.swift in Sources */,
				58A7C2B91BD9296A00793645 /* MapViewController.swift in Sources */,
			);
			runOnlyForDeploymentPostprocessing = 0;
		};
		58924DFE1BD8E4FE001A9FF6 /* Sources */ = {
			isa = PBXSourcesBuildPhase;
			buildActionMask = 2147483647;
			files = (
				58924E071BD8E4FE001A9FF6 /* SignInUpTests.swift in Sources */,
			);
			runOnlyForDeploymentPostprocessing = 0;
		};
		58924E091BD8E4FE001A9FF6 /* Sources */ = {
			isa = PBXSourcesBuildPhase;
			buildActionMask = 2147483647;
			files = (
				58924E121BD8E4FE001A9FF6 /* SignInUpUITests.swift in Sources */,
			);
			runOnlyForDeploymentPostprocessing = 0;
		};
/* End PBXSourcesBuildPhase section */

/* Begin PBXTargetDependency section */
		58924E041BD8E4FE001A9FF6 /* PBXTargetDependency */ = {
			isa = PBXTargetDependency;
			target = 58924DEA1BD8E4FE001A9FF6 /* SignInUp */;
			targetProxy = 58924E031BD8E4FE001A9FF6 /* PBXContainerItemProxy */;
		};
		58924E0F1BD8E4FE001A9FF6 /* PBXTargetDependency */ = {
			isa = PBXTargetDependency;
			target = 58924DEA1BD8E4FE001A9FF6 /* SignInUp */;
			targetProxy = 58924E0E1BD8E4FE001A9FF6 /* PBXContainerItemProxy */;
		};
/* End PBXTargetDependency section */

/* Begin PBXVariantGroup section */
		58924DF21BD8E4FE001A9FF6 /* Main.storyboard */ = {
			isa = PBXVariantGroup;
			children = (
				58924DF31BD8E4FE001A9FF6 /* Base */,
			);
			name = Main.storyboard;
			sourceTree = "<group>";
		};
		58924DFA1BD8E4FE001A9FF6 /* LaunchScreen.storyboard */ = {
			isa = PBXVariantGroup;
			children = (
				58924DFB1BD8E4FE001A9FF6 /* Base */,
			);
			name = LaunchScreen.storyboard;
			sourceTree = "<group>";
		};
/* End PBXVariantGroup section */

/* Begin XCBuildConfiguration section */
		58924E141BD8E4FE001A9FF6 /* Debug */ = {
			isa = XCBuildConfiguration;
			buildSettings = {
				ALWAYS_SEARCH_USER_PATHS = NO;
				CLANG_CXX_LANGUAGE_STANDARD = "gnu++0x";
				CLANG_CXX_LIBRARY = "libc++";
				CLANG_ENABLE_MODULES = YES;
				CLANG_ENABLE_OBJC_ARC = YES;
				CLANG_WARN_BOOL_CONVERSION = YES;
				CLANG_WARN_CONSTANT_CONVERSION = YES;
				CLANG_WARN_DIRECT_OBJC_ISA_USAGE = YES_ERROR;
				CLANG_WARN_EMPTY_BODY = YES;
				CLANG_WARN_ENUM_CONVERSION = YES;
				CLANG_WARN_INT_CONVERSION = YES;
				CLANG_WARN_OBJC_ROOT_CLASS = YES_ERROR;
				CLANG_WARN_UNREACHABLE_CODE = YES;
				CLANG_WARN__DUPLICATE_METHOD_MATCH = YES;
				"CODE_SIGN_IDENTITY[sdk=iphoneos*]" = "iPhone Developer";
				COPY_PHASE_STRIP = NO;
				DEBUG_INFORMATION_FORMAT = dwarf;
				ENABLE_STRICT_OBJC_MSGSEND = YES;
				ENABLE_TESTABILITY = YES;
				GCC_C_LANGUAGE_STANDARD = gnu99;
				GCC_DYNAMIC_NO_PIC = NO;
				GCC_NO_COMMON_BLOCKS = YES;
				GCC_OPTIMIZATION_LEVEL = 0;
				GCC_PREPROCESSOR_DEFINITIONS = (
					"DEBUG=1",
					"$(inherited)",
				);
				GCC_WARN_64_TO_32_BIT_CONVERSION = YES;
				GCC_WARN_ABOUT_RETURN_TYPE = YES_ERROR;
				GCC_WARN_UNDECLARED_SELECTOR = YES;
				GCC_WARN_UNINITIALIZED_AUTOS = YES_AGGRESSIVE;
				GCC_WARN_UNUSED_FUNCTION = YES;
				GCC_WARN_UNUSED_VARIABLE = YES;
				IPHONEOS_DEPLOYMENT_TARGET = 9.0;
				MTL_ENABLE_DEBUG_INFO = YES;
				ONLY_ACTIVE_ARCH = YES;
				SDKROOT = iphoneos;
				SWIFT_OPTIMIZATION_LEVEL = "-Onone";
				TARGETED_DEVICE_FAMILY = "1,2";
			};
			name = Debug;
		};
		58924E151BD8E4FE001A9FF6 /* Release */ = {
			isa = XCBuildConfiguration;
			buildSettings = {
				ALWAYS_SEARCH_USER_PATHS = NO;
				CLANG_CXX_LANGUAGE_STANDARD = "gnu++0x";
				CLANG_CXX_LIBRARY = "libc++";
				CLANG_ENABLE_MODULES = YES;
				CLANG_ENABLE_OBJC_ARC = YES;
				CLANG_WARN_BOOL_CONVERSION = YES;
				CLANG_WARN_CONSTANT_CONVERSION = YES;
				CLANG_WARN_DIRECT_OBJC_ISA_USAGE = YES_ERROR;
				CLANG_WARN_EMPTY_BODY = YES;
				CLANG_WARN_ENUM_CONVERSION = YES;
				CLANG_WARN_INT_CONVERSION = YES;
				CLANG_WARN_OBJC_ROOT_CLASS = YES_ERROR;
				CLANG_WARN_UNREACHABLE_CODE = YES;
				CLANG_WARN__DUPLICATE_METHOD_MATCH = YES;
				"CODE_SIGN_IDENTITY[sdk=iphoneos*]" = "iPhone Developer";
				COPY_PHASE_STRIP = NO;
				DEBUG_INFORMATION_FORMAT = "dwarf-with-dsym";
				ENABLE_NS_ASSERTIONS = NO;
				ENABLE_STRICT_OBJC_MSGSEND = YES;
				GCC_C_LANGUAGE_STANDARD = gnu99;
				GCC_NO_COMMON_BLOCKS = YES;
				GCC_WARN_64_TO_32_BIT_CONVERSION = YES;
				GCC_WARN_ABOUT_RETURN_TYPE = YES_ERROR;
				GCC_WARN_UNDECLARED_SELECTOR = YES;
				GCC_WARN_UNINITIALIZED_AUTOS = YES_AGGRESSIVE;
				GCC_WARN_UNUSED_FUNCTION = YES;
				GCC_WARN_UNUSED_VARIABLE = YES;
				IPHONEOS_DEPLOYMENT_TARGET = 9.0;
				MTL_ENABLE_DEBUG_INFO = NO;
				SDKROOT = iphoneos;
				TARGETED_DEVICE_FAMILY = "1,2";
				VALIDATE_PRODUCT = YES;
			};
			name = Release;
		};
		58924E171BD8E4FE001A9FF6 /* Debug */ = {
			isa = XCBuildConfiguration;
			buildSettings = {
				ASSETCATALOG_COMPILER_APPICON_NAME = AppIcon;
				CLANG_ENABLE_MODULES = YES;
				FRAMEWORK_SEARCH_PATHS = (
					"$(inherited)",
					"$(PROJECT_DIR)",
				);
				INFOPLIST_FILE = SignInUp/Info.plist;
				LD_RUNPATH_SEARCH_PATHS = "$(inherited) @executable_path/Frameworks";
				PRODUCT_BUNDLE_IDENTIFIER = MLG.SignInUp;
				PRODUCT_NAME = "$(TARGET_NAME)";
				SWIFT_OBJC_BRIDGING_HEADER = "SignInUp-Bridging-Header.h";
				SWIFT_OPTIMIZATION_LEVEL = "-Onone";
			};
			name = Debug;
		};
		58924E181BD8E4FE001A9FF6 /* Release */ = {
			isa = XCBuildConfiguration;
			buildSettings = {
				ASSETCATALOG_COMPILER_APPICON_NAME = AppIcon;
				CLANG_ENABLE_MODULES = YES;
				FRAMEWORK_SEARCH_PATHS = (
					"$(inherited)",
					"$(PROJECT_DIR)",
				);
				INFOPLIST_FILE = SignInUp/Info.plist;
				LD_RUNPATH_SEARCH_PATHS = "$(inherited) @executable_path/Frameworks";
				PRODUCT_BUNDLE_IDENTIFIER = MLG.SignInUp;
				PRODUCT_NAME = "$(TARGET_NAME)";
				SWIFT_OBJC_BRIDGING_HEADER = "SignInUp-Bridging-Header.h";
			};
			name = Release;
		};
		58924E1A1BD8E4FE001A9FF6 /* Debug */ = {
			isa = XCBuildConfiguration;
			buildSettings = {
				BUNDLE_LOADER = "$(TEST_HOST)";
				INFOPLIST_FILE = SignInUpTests/Info.plist;
				LD_RUNPATH_SEARCH_PATHS = "$(inherited) @executable_path/Frameworks @loader_path/Frameworks";
				PRODUCT_BUNDLE_IDENTIFIER = MLG.SignInUpTests;
				PRODUCT_NAME = "$(TARGET_NAME)";
				TEST_HOST = "$(BUILT_PRODUCTS_DIR)/SignInUp.app/SignInUp";
			};
			name = Debug;
		};
		58924E1B1BD8E4FE001A9FF6 /* Release */ = {
			isa = XCBuildConfiguration;
			buildSettings = {
				BUNDLE_LOADER = "$(TEST_HOST)";
				INFOPLIST_FILE = SignInUpTests/Info.plist;
				LD_RUNPATH_SEARCH_PATHS = "$(inherited) @executable_path/Frameworks @loader_path/Frameworks";
				PRODUCT_BUNDLE_IDENTIFIER = MLG.SignInUpTests;
				PRODUCT_NAME = "$(TARGET_NAME)";
				TEST_HOST = "$(BUILT_PRODUCTS_DIR)/SignInUp.app/SignInUp";
			};
			name = Release;
		};
		58924E1D1BD8E4FE001A9FF6 /* Debug */ = {
			isa = XCBuildConfiguration;
			buildSettings = {
				INFOPLIST_FILE = SignInUpUITests/Info.plist;
				LD_RUNPATH_SEARCH_PATHS = "$(inherited) @executable_path/Frameworks @loader_path/Frameworks";
				PRODUCT_BUNDLE_IDENTIFIER = MLG.SignInUpUITests;
				PRODUCT_NAME = "$(TARGET_NAME)";
				TEST_TARGET_NAME = SignInUp;
				USES_XCTRUNNER = YES;
			};
			name = Debug;
		};
		58924E1E1BD8E4FE001A9FF6 /* Release */ = {
			isa = XCBuildConfiguration;
			buildSettings = {
				INFOPLIST_FILE = SignInUpUITests/Info.plist;
				LD_RUNPATH_SEARCH_PATHS = "$(inherited) @executable_path/Frameworks @loader_path/Frameworks";
				PRODUCT_BUNDLE_IDENTIFIER = MLG.SignInUpUITests;
				PRODUCT_NAME = "$(TARGET_NAME)";
				TEST_TARGET_NAME = SignInUp;
				USES_XCTRUNNER = YES;
			};
			name = Release;
		};
/* End XCBuildConfiguration section */

/* Begin XCConfigurationList section */
		58924DE61BD8E4FE001A9FF6 /* Build configuration list for PBXProject "SignInUp" */ = {
			isa = XCConfigurationList;
			buildConfigurations = (
				58924E141BD8E4FE001A9FF6 /* Debug */,
				58924E151BD8E4FE001A9FF6 /* Release */,
			);
			defaultConfigurationIsVisible = 0;
			defaultConfigurationName = Release;
		};
		58924E161BD8E4FE001A9FF6 /* Build configuration list for PBXNativeTarget "SignInUp" */ = {
			isa = XCConfigurationList;
			buildConfigurations = (
				58924E171BD8E4FE001A9FF6 /* Debug */,
				58924E181BD8E4FE001A9FF6 /* Release */,
			);
			defaultConfigurationIsVisible = 0;
			defaultConfigurationName = Release;
		};
		58924E191BD8E4FE001A9FF6 /* Build configuration list for PBXNativeTarget "SignInUpTests" */ = {
			isa = XCConfigurationList;
			buildConfigurations = (
				58924E1A1BD8E4FE001A9FF6 /* Debug */,
				58924E1B1BD8E4FE001A9FF6 /* Release */,
			);
			defaultConfigurationIsVisible = 0;
			defaultConfigurationName = Release;
		};
		58924E1C1BD8E4FE001A9FF6 /* Build configuration list for PBXNativeTarget "SignInUpUITests" */ = {
			isa = XCConfigurationList;
			buildConfigurations = (
				58924E1D1BD8E4FE001A9FF6 /* Debug */,
				58924E1E1BD8E4FE001A9FF6 /* Release */,
			);
			defaultConfigurationIsVisible = 0;
			defaultConfigurationName = Release;
		};
/* End XCConfigurationList section */

/* Begin XCVersionGroup section */
		58924DF51BD8E4FE001A9FF6 /* SignInUp.xcdatamodeld */ = {
			isa = XCVersionGroup;
			children = (
				58924DF61BD8E4FE001A9FF6 /* SignInUp.xcdatamodel */,
			);
			currentVersion = 58924DF61BD8E4FE001A9FF6 /* SignInUp.xcdatamodel */;
			path = SignInUp.xcdatamodeld;
			sourceTree = "<group>";
			versionGroupType = wrapper.xcdatamodel;
		};
/* End XCVersionGroup section */
	};
	rootObject = 58924DE31BD8E4FE001A9FF6 /* Project object */;
}
